
Microsoft Visual Studio Solution File, Format Version 12.00
# Visual Studio Version 17
VisualStudioVersion = 17.8.34004.107
MinimumVisualStudioVersion = 10.0.40219.1
Project("{9A19103F-16F7-4668-BE54-9A1E7A4F7556}") = "simple_example", "simple_example\simple_example.csproj", "{42F8DD0A-F56B-45EA-B043-0D7902451EB8}"
EndProject
Project("{9A19103F-16F7-4668-BE54-9A1E7A4F7556}") = "bindings", "bindings\bindings.csproj", "{82B86864-BF3A-4D55-8DD7-A853DD632104}"
EndProject
Global
	GlobalSection(SolutionConfigurationPlatforms) = preSolution
		Debug|Any CPU = Debug|Any CPU
		Release|Any CPU = Release|Any CPU
	EndGlobalSection
	GlobalSection(ProjectConfigurationPlatforms) = postSolution
		{42F8DD0A-F56B-45EA-B043-0D7902451EB8}.Debug|Any CPU.ActiveCfg = Debug|Any CPU
		{42F8DD0A-F56B-45EA-B043-0D7902451EB8}.Debug|Any CPU.Build.0 = Debug|Any CPU
		{42F8DD0A-F56B-45EA-B043-0D7902451EB8}.Release|Any CPU.ActiveCfg = Release|Any CPU
		{42F8DD0A-F56B-45EA-B043-0D7902451EB8}.Release|Any CPU.Build.0 = Release|Any CPU
		{82B86864-BF3A-4D55-8DD7-A853DD632104}.Debug|Any CPU.ActiveCfg = Debug|Any CPU
		{82B86864-BF3A-4D55-8DD7-A853DD632104}.Debug|Any CPU.Build.0 = Debug|Any CPU
		{82B86864-BF3A-4D55-8DD7-A853DD632104}.Release|Any CPU.ActiveCfg = Release|Any CPU
		{82B86864-BF3A-4D55-8DD7-A853DD632104}.Release|Any CPU.Build.0 = Release|Any CPU
	EndGlobalSection
	GlobalSection(SolutionProperties) = preSolution
		HideSolutionNode = FALSE
	EndGlobalSection
	GlobalSection(ExtensibilityGlobals) = postSolution
		SolutionGuid = {7B8694D0-B51E-471C-A201-0E9FEDDB5CBA}
	EndGlobalSection
EndGlobal
